Microsoft Visual Studio Solution File, Format Version 12.00
# Visual Studio Version 17
VisualStudioVersion = 17.5.2.0
MinimumVisualStudioVersion = 10.0.40219.1
Project("{FAE04EC0-301F-11D3-BF4B-00C04F79EFBC}") = "Web2Apk.Desktop", "Web2Apk.Desktop\Web2Apk.Desktop.csproj", "{19709936-31DE-42B4-07FB-5E0F4F8E0172}"
EndProject
Global
	GlobalSection(SolutionConfigurationPlatforms) = preSolution
		Debug|Any CPU = Debug|Any CPU
		Release|Any CPU = Release|Any CPU
	EndGlobalSection
	GlobalSection(ProjectConfigurationPlatforms) = postSolution
		{19709936-31DE-42B4-07FB-5E0F4F8E0172}.Debug|Any CPU.ActiveCfg = Debug|Any CPU
		{19709936-31DE-42B4-07FB-5E0F4F8E0172}.Debug|Any CPU.Build.0 = Debug|Any CPU
		{19709936-31DE-42B4-07FB-5E0F4F8E0172}.Release|Any CPU.ActiveCfg = Release|Any CPU
		{19709936-31DE-42B4-07FB-5E0F4F8E0172}.Release|Any CPU.Build.0 = Release|Any CPU
	EndGlobalSection
	GlobalSection(SolutionProperties) = preSolution
		HideSolutionNode = FALSE
	EndGlobalSection
	GlobalSection(ExtensibilityGlobals) = postSolution
		SolutionGuid = {DE0459B2-F95F-4DA0-B28E-5B73BFABAD8F}
	EndGlobalSection
EndGlobal
